
Microsoft Visual Studio Solution File, Format Version 12.00
# Visual Studio Version 17
VisualStudioVersion = 17.13.35931.197 d17.13
MinimumVisualStudioVersion = 10.0.40219.1
Project("{FAE04EC0-301F-11D3-BF4B-00C04F79EFBC}") = "ConsoleLibrary", "ConsoleLibrary\ConsoleLibrary.csproj", "{51E358BD-20F5-48F9-9A75-3601107AABA4}"
EndProject
Global
	GlobalSection(SolutionConfigurationPlatforms) = preSolution
		Debug|Any CPU = Debug|Any CPU
		Release|Any CPU = Release|Any CPU
	EndGlobalSection
	GlobalSection(ProjectConfigurationPlatforms) = postSolution
		{51E358BD-20F5-48F9-9A75-3601107AABA4}.Debug|Any CPU.ActiveCfg = Debug|Any CPU
		{51E358BD-20F5-48F9-9A75-3601107AABA4}.Debug|Any CPU.Build.0 = Debug|Any CPU
		{51E358BD-20F5-48F9-9A75-3601107AABA4}.Release|Any CPU.ActiveCfg = Release|Any CPU
		{51E358BD-20F5-48F9-9A75-3601107AABA4}.Release|Any CPU.Build.0 = Release|Any CPU
	EndGlobalSection
	GlobalSection(SolutionProperties) = preSolution
		HideSolutionNode = FALSE
	EndGlobalSection
	GlobalSection(ExtensibilityGlobals) = postSolution
		SolutionGuid = {693695F1-24B3-43DB-992B-87BA4D7CC958}
	EndGlobalSection
EndGlobal
